// !$*UTF8*$!
{
	archiveVersion = 1;
	classes = {
	};
	objectVersion = 46;
	objects = {

/* Begin PBXBuildFile section */
		18499EE71ED476E800CC06D1 /* UIColor+color.m in Sources */ = {isa = PBXBuildFile; fileRef = 18499EE41ED476E800CC06D1 /* UIColor+color.m */; };
		18499EE81ED476E800CC06D1 /* UILabel+initLabel.m in Sources */ = {isa = PBXBuildFile; fileRef = 18499EE61ED476E800CC06D1 /* UILabel+initLabel.m */; };
		18499EEB1ED477C900CC06D1 /* AlertController.m in Sources */ = {isa = PBXBuildFile; fileRef = 18499EEA1ED477C900CC06D1 /* AlertController.m */; };
		1874C75D1EC3764B00DE129A /* main.m in Sources */ = {isa = PBXBuildFile; fileRef = 1874C75C1EC3764B00DE129A /* main.m */; };
		1874C7601EC3764B00DE129A /* AppDelegate.m in Sources */ = {isa = PBXBuildFile; fileRef = 1874C75F1EC3764B00DE129A /* AppDelegate.m */; };
		1874C7631EC3764B00DE129A /* MasterViewController.m in Sources */ = {isa = PBXBuildFile; fileRef = 1874C7621EC3764B00DE129A /* MasterViewController.m */; };
		1874C7661EC3764B00DE129A /* DetailViewController.m in Sources */ = {isa = PBXBuildFile; fileRef = 1874C7651EC3764B00DE129A /* DetailViewController.m */; };
		1874C7691EC3764B00DE129A /* Main.storyboard in Resources */ = {isa = PBXBuildFile; fileRef = 1874C7671EC3764B00DE129A /* Main.storyboard */; };
		1874C76B1EC3764B00DE129A /* Assets.xcassets in Resources */ = {isa = PBXBuildFile; fileRef = 1874C76A1EC3764B00DE129A /* Assets.xcassets */; };
		1874C76E1EC3764B00DE129A /* LaunchScreen.storyboard in Resources */ = {isa = PBXBuildFile; fileRef = 1874C76C1EC3764B00DE129A /* LaunchScreen.storyboard */; };
		1874C7791EC3764B00DE129A /* PhotoKitExampleUITests.m in Sources */ = {isa = PBXBuildFile; fileRef = 1874C7781EC3764B00DE129A /* PhotoKitExampleUITests.m */; };
		1874C7A21EC376A000DE129A /* addImage@2x.png in Resources */ = {isa = PBXBuildFile; fileRef = 1874C7841EC376A000DE129A /* addImage@2x.png */; };
		1874C7A31EC376A000DE129A /* addImage@3x.png in Resources */ = {isa = PBXBuildFile; fileRef = 1874C7851EC376A000DE129A /* addImage@3x.png */; };
		1874C7A41EC376A000DE129A /* AlbumCameraCell.m in Sources */ = {isa = PBXBuildFile; fileRef = 1874C7871EC376A000DE129A /* AlbumCameraCell.m */; };
		1874C7A51EC376A000DE129A /* AlbumPreviewViewModel.m in Sources */ = {isa = PBXBuildFile; fileRef = 1874C7891EC376A000DE129A /* AlbumPreviewViewModel.m */; };
		1874C7A61EC376A000DE129A /* noSelectImage@2x.png in Resources */ = {isa = PBXBuildFile; fileRef = 1874C78A1EC376A000DE129A /* noSelectImage@2x.png */; };
		1874C7A71EC376A000DE129A /* noSelectImage@3x.png in Resources */ = {isa = PBXBuildFile; fileRef = 1874C78B1EC376A000DE129A /* noSelectImage@3x.png */; };
		1874C7A81EC376A000DE129A /* PhotoAlbumViewController.m in Sources */ = {isa = PBXBuildFile; fileRef = 1874C78D1EC376A000DE129A /* PhotoAlbumViewController.m */; };
		1874C7A91EC376A000DE129A /* PhotoAlbumViewModel.m in Sources */ = {isa = PBXBuildFile; fileRef = 1874C78F1EC376A000DE129A /* PhotoAlbumViewModel.m */; };
		1874C7AA1EC376A000DE129A /* PhotoCollectionViewCell.m in Sources */ = {isa = PBXBuildFile; fileRef = 1874C7911EC376A000DE129A /* PhotoCollectionViewCell.m */; };
		1874C7AB1EC376A000DE129A /* PhotoObject.m in Sources */ = {isa = PBXBuildFile; fileRef = 1874C7931EC376A000DE129A /* PhotoObject.m */; };
		1874C7AC1EC376A000DE129A /* PhotoPreviewViewController.m in Sources */ = {isa = PBXBuildFile; fileRef = 1874C7951EC376A000DE129A /* PhotoPreviewViewController.m */; };
		1874C7AD1EC376A000DE129A /* PhotoSelectBar.m in Sources */ = {isa = PBXBuildFile; fileRef = 1874C7971EC376A000DE129A /* PhotoSelectBar.m */; };
		1874C7AE1EC376A000DE129A /* PostImagePreviewViewController.m in Sources */ = {isa = PBXBuildFile; fileRef = 1874C7991EC376A000DE129A /* PostImagePreviewViewController.m */; };
		1874C7AF1EC376A000DE129A /* PostImagePreviewViewModel.m in Sources */ = {isa = PBXBuildFile; fileRef = 1874C79B1EC376A000DE129A /* PostImagePreviewViewModel.m */; };
		1874C7B01EC376A000DE129A /* selectImage@2x.png in Resources */ = {isa = PBXBuildFile; fileRef = 1874C79C1EC376A000DE129A /* selectImage@2x.png */; };
		1874C7B11EC376A000DE129A /* selectImage@3x.png in Resources */ = {isa = PBXBuildFile; fileRef = 1874C79D1EC376A000DE129A /* selectImage@3x.png */; };
		1874C7B21EC376A000DE129A /* SelectResultViewModel.m in Sources */ = {isa = PBXBuildFile; fileRef = 1874C79F1EC376A000DE129A /* SelectResultViewModel.m */; };
		1874C7B31EC376A000DE129A /* ShowBigImageViewController.m in Sources */ = {isa = PBXBuildFile; fileRef = 1874C7A11EC376A000DE129A /* ShowBigImageViewController.m */; };
		1874C7B61EC377A900DE129A /* SPViewController.m in Sources */ = {isa = PBXBuildFile; fileRef = 1874C7B51EC377A900DE129A /* SPViewController.m */; };
		48CF14AA1986B75DBDBFDD2B /* libPods-PhotoKitExample.a in Frameworks */ = {isa = PBXBuildFile; fileRef = 558FF9AB4896125625F4EF8F /* libPods-PhotoKitExample.a */; };
		EF2180CE1CCB55CD6C298072 /* libPods-PhotoKitExampleUITests.a in Frameworks */ = {isa = PBXBuildFile; fileRef = D9BAE1AC10CA28F25366DC3B /* libPods-PhotoKitExampleUITests.a */; };
/* End PBXBuildFile section */

/* Begin PBXContainerItemProxy section */
		1874C7751EC3764B00DE129A /* PBXContainerItemProxy */ = {
			isa = PBXContainerItemProxy;
			containerPortal = 1874C7501EC3764B00DE129A /* Project object */;
			proxyType = 1;
			remoteGlobalIDString = 1874C7571EC3764B00DE129A;
			remoteInfo = PhotoKitExample;
		};
/* End PBXContainerItemProxy section */

/* Begin PBXFileReference section */
		18499EE31ED476E800CC06D1 /* UIColor+color.h */ = {isa = PBXFileReference; fileEncoding = 4; lastKnownFileType = sourcecode.c.h; path = "UIColor+color.h"; sourceTree = "<group>"; };
		18499EE41ED476E800CC06D1 /* UIColor+color.m */ = {isa = PBXFileReference; fileEncoding = 4; lastKnownFileType = sourcecode.c.objc; path = "UIColor+color.m"; sourceTree = "<group>"; };
		18499EE51ED476E800CC06D1 /* UILabel+initLabel.h */ = {isa = PBXFileReference; fileEncoding = 4; lastKnownFileType = sourcecode.c.h; path = "UILabel+initLabel.h"; sourceTree = "<group>"; };
		18499EE61ED476E800CC06D1 /* UILabel+initLabel.m */ = {isa = PBXFileReference; fileEncoding = 4; lastKnownFileType = sourcecode.c.objc; path = "UILabel+initLabel.m"; sourceTree = "<group>"; };
		18499EE91ED477C900CC06D1 /* AlertController.h */ = {isa = PBXFileReference; fileEncoding = 4; lastKnownFileType = sourcecode.c.h; path = AlertController.h; sourceTree = "<group>"; };
		18499EEA1ED477C900CC06D1 /* AlertController.m */ = {isa = PBXFileReference; fileEncoding = 4; lastKnownFileType = sourcecode.c.objc; path = AlertController.m; sourceTree = "<group>"; };
		1874C7581EC3764B00DE129A /* PhotoKitExample.app */ = {isa = PBXFileReference; explicitFileType = wrapper.application; includeInIndex = 0; path = PhotoKitExample.app; sourceTree = BUILT_PRODUCTS_DIR; };
		1874C75C1EC3764B00DE129A /* main.m */ = {isa = PBXFileReference; lastKnownFileType = sourcecode.c.objc; path = main.m; sourceTree = "<group>"; };
		1874C75E1EC3764B00DE129A /* AppDelegate.h */ = {isa = PBXFileReference; lastKnownFileType = sourcecode.c.h; path = AppDelegate.h; sourceTree = "<group>"; };
		1874C75F1EC3764B00DE129A /* AppDelegate.m */ = {isa = PBXFileReference; lastKnownFileType = sourcecode.c.objc; path = AppDelegate.m; sourceTree = "<group>"; };
		1874C7611EC3764B00DE129A /* MasterViewController.h */ = {isa = PBXFileReference; lastKnownFileType = sourcecode.c.h; path = MasterViewController.h; sourceTree = "<group>"; };
		1874C7621EC3764B00DE129A /* MasterViewController.m */ = {isa = PBXFileReference; lastKnownFileType = sourcecode.c.objc; path = MasterViewController.m; sourceTree = "<group>"; };
		1874C7641EC3764B00DE129A /* DetailViewController.h */ = {isa = PBXFileReference; lastKnownFileType = sourcecode.c.h; path = DetailViewController.h; sourceTree = "<group>"; };
		1874C7651EC3764B00DE129A /* DetailViewController.m */ = {isa = PBXFileReference; lastKnownFileType = sourcecode.c.objc; path = DetailViewController.m; sourceTree = "<group>"; };
		1874C7681EC3764B00DE129A /* Base */ = {isa = PBXFileReference; lastKnownFileType = file.storyboard; name = Base; path = Base.lproj/Main.storyboard; sourceTree = "<group>"; };
		1874C76A1EC3764B00DE129A /* Assets.xcassets */ = {isa = PBXFileReference; lastKnownFileType = folder.assetcatalog; path = Assets.xcassets; sourceTree = "<group>"; };
		1874C76D1EC3764B00DE129A /* Base */ = {isa = PBXFileReference; lastKnownFileType = file.storyboard; name = Base; path = Base.lproj/LaunchScreen.storyboard; sourceTree = "<group>"; };
		1874C76F1EC3764B00DE129A /* Info.plist */ = {isa = PBXFileReference; lastKnownFileType = text.plist.xml; path = Info.plist; sourceTree = "<group>"; };
		1874C7741EC3764B00DE129A /* PhotoKitExampleUITests.xctest */ = {isa = PBXFileReference; explicitFileType = wrapper.cfbundle; includeInIndex = 0; path = PhotoKitExampleUITests.xctest; sourceTree = BUILT_PRODUCTS_DIR; };
		1874C7781EC3764B00DE129A /* PhotoKitExampleUITests.m */ = {isa = PBXFileReference; lastKnownFileType = sourcecode.c.objc; path = PhotoKitExampleUITests.m; sourceTree = "<group>"; };
		1874C77A1EC3764B00DE129A /* Info.plist */ = {isa = PBXFileReference; lastKnownFileType = text.plist.xml; path = Info.plist; sourceTree = "<group>"; };
		1874C7841EC376A000DE129A /* addImage@2x.png */ = {isa = PBXFileReference; lastKnownFileType = image.png; path = "addImage@2x.png"; sourceTree = "<group>"; };
		1874C7851EC376A000DE129A /* addImage@3x.png */ = {isa = PBXFileReference; lastKnownFileType = image.png; path = "addImage@3x.png"; sourceTree = "<group>"; };
		1874C7861EC376A000DE129A /* AlbumCameraCell.h */ = {isa = PBXFileReference; fileEncoding = 4; lastKnownFileType = sourcecode.c.h; path = AlbumCameraCell.h; sourceTree = "<group>"; };
		1874C7871EC376A000DE129A /* AlbumCameraCell.m */ = {isa = PBXFileReference; fileEncoding = 4; lastKnownFileType = sourcecode.c.objc; path = AlbumCameraCell.m; sourceTree = "<group>"; };
		1874C7881EC376A000DE129A /* AlbumPreviewViewModel.h */ = {isa = PBXFileReference; fileEncoding = 4; lastKnownFileType = sourcecode.c.h; path = AlbumPreviewViewModel.h; sourceTree = "<group>"; };
		1874C7891EC376A000DE129A /* AlbumPreviewViewModel.m */ = {isa = PBXFileReference; fileEncoding = 4; lastKnownFileType = sourcecode.c.objc; path = AlbumPreviewViewModel.m; sourceTree = "<group>"; };
		1874C78A1EC376A000DE129A /* noSelectImage@2x.png */ = {isa = PBXFileReference; lastKnownFileType = image.png; path = "noSelectImage@2x.png"; sourceTree = "<group>"; };
		1874C78B1EC376A000DE129A /* noSelectImage@3x.png */ = {isa = PBXFileReference; lastKnownFileType = image.png; path = "noSelectImage@3x.png"; sourceTree = "<group>"; };
		1874C78C1EC376A000DE129A /* PhotoAlbumViewController.h */ = {isa = PBXFileReference; fileEncoding = 4; lastKnownFileType = sourcecode.c.h; path = PhotoAlbumViewController.h; sourceTree = "<group>"; };
		1874C78D1EC376A000DE129A /* PhotoAlbumViewController.m */ = {isa = PBXFileReference; fileEncoding = 4; lastKnownFileType = sourcecode.c.objc; path = PhotoAlbumViewController.m; sourceTree = "<group>"; };
		1874C78E1EC376A000DE129A /* PhotoAlbumViewModel.h */ = {isa = PBXFileReference; fileEncoding = 4; lastKnownFileType = sourcecode.c.h; path = PhotoAlbumViewModel.h; sourceTree = "<group>"; };
		1874C78F1EC376A000DE129A /* PhotoAlbumViewModel.m */ = {isa = PBXFileReference; fileEncoding = 4; lastKnownFileType = sourcecode.c.objc; path = PhotoAlbumViewModel.m; sourceTree = "<group>"; };
		1874C7901EC376A000DE129A /* PhotoCollectionViewCell.h */ = {isa = PBXFileReference; fileEncoding = 4; lastKnownFileType = sourcecode.c.h; path = PhotoCollectionViewCell.h; sourceTree = "<group>"; };
		1874C7911EC376A000DE129A /* PhotoCollectionViewCell.m */ = {isa = PBXFileReference; fileEncoding = 4; lastKnownFileType = sourcecode.c.objc; path = PhotoCollectionViewCell.m; sourceTree = "<group>"; };
		1874C7921EC376A000DE129A /* PhotoObject.h */ = {isa = PBXFileReference; fileEncoding = 4; lastKnownFileType = sourcecode.c.h; path = PhotoObject.h; sourceTree = "<group>"; };
		1874C7931EC376A000DE129A /* PhotoObject.m */ = {isa = PBXFileReference; fileEncoding = 4; lastKnownFileType = sourcecode.c.objc; path = PhotoObject.m; sourceTree = "<group>"; };
		1874C7941EC376A000DE129A /* PhotoPreviewViewController.h */ = {isa = PBXFileReference; fileEncoding = 4; lastKnownFileType = sourcecode.c.h; path = PhotoPreviewViewController.h; sourceTree = "<group>"; };
		1874C7951EC376A000DE129A /* PhotoPreviewViewController.m */ = {isa = PBXFileReference; fileEncoding = 4; lastKnownFileType = sourcecode.c.objc; path = PhotoPreviewViewController.m; sourceTree = "<group>"; };
		1874C7961EC376A000DE129A /* PhotoSelectBar.h */ = {isa = PBXFileReference; fileEncoding = 4; lastKnownFileType = sourcecode.c.h; path = PhotoSelectBar.h; sourceTree = "<group>"; };
		1874C7971EC376A000DE129A /* PhotoSelectBar.m */ = {isa = PBXFileReference; fileEncoding = 4; lastKnownFileType = sourcecode.c.objc; path = PhotoSelectBar.m; sourceTree = "<group>"; };
		1874C7981EC376A000DE129A /* PostImagePreviewViewController.h */ = {isa = PBXFileReference; fileEncoding = 4; lastKnownFileType = sourcecode.c.h; path = PostImagePreviewViewController.h; sourceTree = "<group>"; };
		1874C7991EC376A000DE129A /* PostImagePreviewViewController.m */ = {isa = PBXFileReference; fileEncoding = 4; lastKnownFileType = sourcecode.c.objc; path = PostImagePreviewViewController.m; sourceTree = "<group>"; };
		1874C79A1EC376A000DE129A /* PostImagePreviewViewModel.h */ = {isa = PBXFileReference; fileEncoding = 4; lastKnownFileType = sourcecode.c.h; path = PostImagePreviewViewModel.h; sourceTree = "<group>"; };
		1874C79B1EC376A000DE129A /* PostImagePreviewViewModel.m */ = {isa = PBXFileReference; fileEncoding = 4; lastKnownFileType = sourcecode.c.objc; path = PostImagePreviewViewModel.m; sourceTree = "<group>"; };
		1874C79C1EC376A000DE129A /* selectImage@2x.png */ = {isa = PBXFileReference; lastKnownFileType = image.png; path = "selectImage@2x.png"; sourceTree = "<group>"; };
		1874C79D1EC376A000DE129A /* selectImage@3x.png */ = {isa = PBXFileReference; lastKnownFileType = image.png; path = "selectImage@3x.png"; sourceTree = "<group>"; };
		1874C79E1EC376A000DE129A /* SelectResultViewModel.h */ = {isa = PBXFileReference; fileEncoding = 4; lastKnownFileType = sourcecode.c.h; path = SelectResultViewModel.h; sourceTree = "<group>"; };
		1874C79F1EC376A000DE129A /* SelectResultViewModel.m */ = {isa = PBXFileReference; fileEncoding = 4; lastKnownFileType = sourcecode.c.objc; path = SelectResultViewModel.m; sourceTree = "<group>"; };
		1874C7A01EC376A000DE129A /* ShowBigImageViewController.h */ = {isa = PBXFileReference; fileEncoding = 4; lastKnownFileType = sourcecode.c.h; path = ShowBigImageViewController.h; sourceTree = "<group>"; };
		1874C7A11EC376A000DE129A /* ShowBigImageViewController.m */ = {isa = PBXFileReference; fileEncoding = 4; lastKnownFileType = sourcecode.c.objc; path = ShowBigImageViewController.m; sourceTree = "<group>"; };
		1874C7B41EC377A900DE129A /* SPViewController.h */ = {isa = PBXFileReference; fileEncoding = 4; lastKnownFileType = sourcecode.c.h; path = SPViewController.h; sourceTree = "<group>"; };
		1874C7B51EC377A900DE129A /* SPViewController.m */ = {isa = PBXFileReference; fileEncoding = 4; lastKnownFileType = sourcecode.c.objc; path = SPViewController.m; sourceTree = "<group>"; };
		558FF9AB4896125625F4EF8F /* libPods-PhotoKitExample.a */ = {isa = PBXFileReference; explicitFileType = archive.ar; includeInIndex = 0; path = "libPods-PhotoKitExample.a"; sourceTree = BUILT_PRODUCTS_DIR; };
		8877E290C8F570A21CFFF64A /* Pods-PhotoKitExample.debug.xcconfig */ = {isa = PBXFileReference; includeInIndex = 1; lastKnownFileType = text.xcconfig; name = "Pods-PhotoKitExample.debug.xcconfig"; path = "Pods/Target Support Files/Pods-PhotoKitExample/Pods-PhotoKitExample.debug.xcconfig"; sourceTree = "<group>"; };
		ABDDBCD922AA05DFB7BB148C /* Pods-PhotoKitExampleUITests.release.xcconfig */ = {isa = PBXFileReference; includeInIndex = 1; lastKnownFileType = text.xcconfig; name = "Pods-PhotoKitExampleUITests.release.xcconfig"; path = "Pods/Target Support Files/Pods-PhotoKitExampleUITests/Pods-PhotoKitExampleUITests.release.xcconfig"; sourceTree = "<group>"; };
		C85352CB3174E90244AFF8A1 /* Pods-PhotoKitExample.release.xcconfig */ = {isa = PBXFileReference; includeInIndex = 1; lastKnownFileType = text.xcconfig; name = "Pods-PhotoKitExample.release.xcconfig"; path = "Pods/Target Support Files/Pods-PhotoKitExample/Pods-PhotoKitExample.release.xcconfig"; sourceTree = "<group>"; };
		D9BAE1AC10CA28F25366DC3B /* libPods-PhotoKitExampleUITests.a */ = {isa = PBXFileReference; explicitFileType = archive.ar; includeInIndex = 0; path = "libPods-PhotoKitExampleUITests.a"; sourceTree = BUILT_PRODUCTS_DIR; };
		DC875CB5DDE659E680A848E5 /* Pods-PhotoKitExampleUITests.debug.xcconfig */ = {isa = PBXFileReference; includeInIndex = 1; lastKnownFileType = text.xcconfig; name = "Pods-PhotoKitExampleUITests.debug.xcconfig"; path = "Pods/Target Support Files/Pods-PhotoKitExampleUITests/Pods-PhotoKitExampleUITests.debug.xcconfig"; sourceTree = "<group>"; };
/* End PBXFileReference section */

/* Begin PBXFrameworksBuildPhase section */
		1874C7551EC3764B00DE129A /* Frameworks */ = {
			isa = PBXFrameworksBuildPhase;
			buildActionMask = 2147483647;
			files = (
				48CF14AA1986B75DBDBFDD2B /* libPods-PhotoKitExample.a in Frameworks */,
			);
			runOnlyForDeploymentPostprocessing = 0;
		};
		1874C7711EC3764B00DE129A /* Frameworks */ = {
			isa = PBXFrameworksBuildPhase;
			buildActionMask = 2147483647;
			files = (
				EF2180CE1CCB55CD6C298072 /* libPods-PhotoKitExampleUITests.a in Frameworks */,
			);
			runOnlyForDeploymentPostprocessing = 0;
		};
/* End PBXFrameworksBuildPhase section */

/* Begin PBXGroup section */
		1874C74F1EC3764B00DE129A = {
			isa = PBXGroup;
			children = (
				1874C75A1EC3764B00DE129A /* PhotoKitExample */,
				1874C7771EC3764B00DE129A /* PhotoKitExampleUITests */,
				1874C7591EC3764B00DE129A /* Products */,
				F24B9D6E4FDF6EF9D6D0E398 /* Pods */,
				57A411D86D6852BB69DF2E99 /* Frameworks */,
			);
			sourceTree = "<group>";
		};
		1874C7591EC3764B00DE129A /* Products */ = {
			isa = PBXGroup;
			children = (
				1874C7581EC3764B00DE129A /* PhotoKitExample.app */,
				1874C7741EC3764B00DE129A /* PhotoKitExampleUITests.xctest */,
			);
			name = Products;
			sourceTree = "<group>";
		};
		1874C75A1EC3764B00DE129A /* PhotoKitExample */ = {
			isa = PBXGroup;
			children = (
				1874C7831EC376A000DE129A /* Album */,
				1874C75E1EC3764B00DE129A /* AppDelegate.h */,
				1874C75F1EC3764B00DE129A /* AppDelegate.m */,
				1874C7611EC3764B00DE129A /* MasterViewController.h */,
				1874C7621EC3764B00DE129A /* MasterViewController.m */,
				1874C7641EC3764B00DE129A /* DetailViewController.h */,
				1874C7651EC3764B00DE129A /* DetailViewController.m */,
				1874C7671EC3764B00DE129A /* Main.storyboard */,
				1874C76A1EC3764B00DE129A /* Assets.xcassets */,
				1874C76C1EC3764B00DE129A /* LaunchScreen.storyboard */,
				1874C76F1EC3764B00DE129A /* Info.plist */,
				1874C75B1EC3764B00DE129A /* Supporting Files */,
			);
			path = PhotoKitExample;
			sourceTree = "<group>";
		};
		1874C75B1EC3764B00DE129A /* Supporting Files */ = {
			isa = PBXGroup;
			children = (
				1874C75C1EC3764B00DE129A /* main.m */,
			);
			name = "Supporting Files";
			sourceTree = "<group>";
		};
		1874C7771EC3764B00DE129A /* PhotoKitExampleUITests */ = {
			isa = PBXGroup;
			children = (
				1874C7781EC3764B00DE129A /* PhotoKitExampleUITests.m */,
				1874C77A1EC3764B00DE129A /* Info.plist */,
			);
			path = PhotoKitExampleUITests;
			sourceTree = "<group>";
		};
		1874C7831EC376A000DE129A /* Album */ = {
			isa = PBXGroup;
			children = (
				18499EE31ED476E800CC06D1 /* UIColor+color.h */,
				18499EE41ED476E800CC06D1 /* UIColor+color.m */,
				18499EE51ED476E800CC06D1 /* UILabel+initLabel.h */,
				18499EE61ED476E800CC06D1 /* UILabel+initLabel.m */,
				1874C7841EC376A000DE129A /* addImage@2x.png */,
				1874C7851EC376A000DE129A /* addImage@3x.png */,
				1874C7861EC376A000DE129A /* AlbumCameraCell.h */,
				1874C7871EC376A000DE129A /* AlbumCameraCell.m */,
				1874C7881EC376A000DE129A /* AlbumPreviewViewModel.h */,
				1874C7891EC376A000DE129A /* AlbumPreviewViewModel.m */,
				1874C78A1EC376A000DE129A /* noSelectImage@2x.png */,
				1874C78B1EC376A000DE129A /* noSelectImage@3x.png */,
				1874C78C1EC376A000DE129A /* PhotoAlbumViewController.h */,
				1874C78D1EC376A000DE129A /* PhotoAlbumViewController.m */,
				1874C78E1EC376A000DE129A /* PhotoAlbumViewModel.h */,
				1874C78F1EC376A000DE129A /* PhotoAlbumViewModel.m */,
				1874C7901EC376A000DE129A /* PhotoCollectionViewCell.h */,
				1874C7911EC376A000DE129A /* PhotoCollectionViewCell.m */,
				1874C7921EC376A000DE129A /* PhotoObject.h */,
				1874C7931EC376A000DE129A /* PhotoObject.m */,
				1874C7941EC376A000DE129A /* PhotoPreviewViewController.h */,
				1874C7951EC376A000DE129A /* PhotoPreviewViewController.m */,
				1874C7961EC376A000DE129A /* PhotoSelectBar.h */,
				1874C7971EC376A000DE129A /* PhotoSelectBar.m */,
				1874C7981EC376A000DE129A /* PostImagePreviewViewController.h */,
				1874C7991EC376A000DE129A /* PostImagePreviewViewController.m */,
				1874C79A1EC376A000DE129A /* PostImagePreviewViewModel.h */,
				1874C79B1EC376A000DE129A /* PostImagePreviewViewModel.m */,
				1874C79C1EC376A000DE129A /* selectImage@2x.png */,
				1874C79D1EC376A000DE129A /* selectImage@3x.png */,
				1874C79E1EC376A000DE129A /* SelectResultViewModel.h */,
				1874C79F1EC376A000DE129A /* SelectResultViewModel.m */,
				1874C7A01EC376A000DE129A /* ShowBigImageViewController.h */,
				1874C7A11EC376A000DE129A /* ShowBigImageViewController.m */,
				1874C7B41EC377A900DE129A /* SPViewController.h */,
				1874C7B51EC377A900DE129A /* SPViewController.m */,
				18499EE91ED477C900CC06D1 /* AlertController.h */,
				18499EEA1ED477C900CC06D1 /* AlertController.m */,
			);
			path = Album;
			sourceTree = "<group>";
		};
		57A411D86D6852BB69DF2E99 /* Frameworks */ = {
			isa = PBXGroup;
			children = (
				558FF9AB4896125625F4EF8F /* libPods-PhotoKitExample.a */,
				D9BAE1AC10CA28F25366DC3B /* libPods-PhotoKitExampleUITests.a */,
			);
			name = Frameworks;
			sourceTree = "<group>";
		};
		F24B9D6E4FDF6EF9D6D0E398 /* Pods */ = {
			isa = PBXGroup;
			children = (
				8877E290C8F570A21CFFF64A /* Pods-PhotoKitExample.debug.xcconfig */,
				C85352CB3174E90244AFF8A1 /* Pods-PhotoKitExample.release.xcconfig */,
				DC875CB5DDE659E680A848E5 /* Pods-PhotoKitExampleUITests.debug.xcconfig */,
				ABDDBCD922AA05DFB7BB148C /* Pods-PhotoKitExampleUITests.release.xcconfig */,
			);
			name = Pods;
			sourceTree = "<group>";
		};
/* End PBXGroup section */

/* Begin PBXNativeTarget section */
		1874C7571EC3764B00DE129A /* PhotoKitExample */ = {
			isa = PBXNativeTarget;
			buildConfigurationList = 1874C77D1EC3764B00DE129A /* Build configuration list for PBXNativeTarget "PhotoKitExample" */;
			buildPhases = (
				4F91497BA535FEED30EA1147 /* [CP] Check Pods Manifest.lock */,
				1874C7541EC3764B00DE129A /* Sources */,
				1874C7551EC3764B00DE129A /* Frameworks */,
				1874C7561EC3764B00DE129A /* Resources */,
				49C2AD73DC9DD4666B07E5AB /* [CP] Embed Pods Frameworks */,
				C135133D6CA4C310CA6DCD91 /* [CP] Copy Pods Resources */,
			);
			buildRules = (
			);
			dependencies = (
			);
			name = PhotoKitExample;
			productName = PhotoKitExample;
			productReference = 1874C7581EC3764B00DE129A /* PhotoKitExample.app */;
			productType = "com.apple.product-type.application";
		};
		1874C7731EC3764B00DE129A /* PhotoKitExampleUITests */ = {
			isa = PBXNativeTarget;
			buildConfigurationList = 1874C7801EC3764B00DE129A /* Build configuration list for PBXNativeTarget "PhotoKitExampleUITests" */;
			buildPhases = (
				40A89816E8952AA01811D974 /* [CP] Check Pods Manifest.lock */,
				1874C7701EC3764B00DE129A /* Sources */,
				1874C7711EC3764B00DE129A /* Frameworks */,
				1874C7721EC3764B00DE129A /* Resources */,
				795C50626BD70639FC453B5D /* [CP] Embed Pods Frameworks */,
				534A254638F9286AA8C57621 /* [CP] Copy Pods Resources */,
			);
			buildRules = (
			);
			dependencies = (
				1874C7761EC3764B00DE129A /* PBXTargetDependency */,
			);
			name = PhotoKitExampleUITests;
			productName = PhotoKitExampleUITests;
			productReference = 1874C7741EC3764B00DE129A /* PhotoKitExampleUITests.xctest */;
			productType = "com.apple.product-type.bundle.ui-testing";
		};
/* End PBXNativeTarget section */

/* Begin PBXProject section */
		1874C7501EC3764B00DE129A /* Project object */ = {
			isa = PBXProject;
			attributes = {
				LastUpgradeCheck = 0830;
				ORGANIZATIONNAME = Eric;
				TargetAttributes = {
					1874C7571EC3764B00DE129A = {
						CreatedOnToolsVersion = 8.3.1;
						DevelopmentTeam = B7395L7V2H;
						ProvisioningStyle = Automatic;
					};
					1874C7731EC3764B00DE129A = {
						CreatedOnToolsVersion = 8.3.1;
						DevelopmentTeam = B7395L7V2H;
						ProvisioningStyle = Automatic;
						TestTargetID = 1874C7571EC3764B00DE129A;
					};
				};
			};
			buildConfigurationList = 1874C7531EC3764B00DE129A /* Build configuration list for PBXProject "PhotoKitExample" */;
			compatibilityVersion = "Xcode 3.2";
			developmentRegion = English;
			hasScannedForEncodings = 0;
			knownRegions = (
				en,
				Base,
			);
			mainGroup = 1874C74F1EC3764B00DE129A;
			productRefGroup = 1874C7591EC3764B00DE129A /* Products */;
			projectDirPath = "";
			projectRoot = "";
			targets = (
				1874C7571EC3764B00DE129A /* PhotoKitExample */,
				1874C7731EC3764B00DE129A /* PhotoKitExampleUITests */,
			);
		};
/* End PBXProject section */

/* Begin PBXResourcesBuildPhase section */
		1874C7561EC3764B00DE129A /* Resources */ = {
			isa = PBXResourcesBuildPhase;
			buildActionMask = 2147483647;
			files = (
				1874C7A21EC376A000DE129A /* addImage@2x.png in Resources */,
				1874C7A61EC376A000DE129A /* noSelectImage@2x.png in Resources */,
				1874C7B01EC376A000DE129A /* selectImage@2x.png in Resources */,
				1874C76E1EC3764B00DE129A /* LaunchScreen.storyboard in Resources */,
				1874C7A71EC376A000DE129A /* noSelectImage@3x.png in Resources */,
				1874C76B1EC3764B00DE129A /* Assets.xcassets in Resources */,
				1874C7B11EC376A000DE129A /* selectImage@3x.png in Resources */,
				1874C7691EC3764B00DE129A /* Main.storyboard in Resources */,
				1874C7A31EC376A000DE129A /* addImage@3x.png in Resources */,
			);
			runOnlyForDeploymentPostprocessing = 0;
		};
		1874C7721EC3764B00DE129A /* Resources */ = {
			isa = PBXResourcesBuildPhase;
			buildActionMask = 2147483647;
			files = (
			);
			runOnlyForDeploymentPostprocessing = 0;
		};
/* End PBXResourcesBuildPhase section */

/* Begin PBXShellScriptBuildPhase section */
		40A89816E8952AA01811D974 /* [CP] Check Pods Manifest.lock */ = {
			isa = PBXShellScriptBuildPhase;
			buildActionMask = 2147483647;
			files = (
			);
			inputPaths = (
			);
			name = "[CP] Check Pods Manifest.lock";
			outputPaths = (
			);
			runOnlyForDeploymentPostprocessing = 0;
			shellPath = /bin/sh;
			shellScript = "diff \"${PODS_ROOT}/../Podfile.lock\" \"${PODS_ROOT}/Manifest.lock\" > /dev/null\nif [ $? != 0 ] ; then\n    # print error to STDERR\n    echo \"error: The sandbox is not in sync with the Podfile.lock. Run 'pod install' or update your CocoaPods installation.\" >&2\n    exit 1\nfi\n";
			showEnvVarsInLog = 0;
		};
		49C2AD73DC9DD4666B07E5AB /* [CP] Embed Pods Frameworks */ = {
			isa = PBXShellScriptBuildPhase;
			buildActionMask = 2147483647;
			files = (
			);
			inputPaths = (
			);
			name = "[CP] Embed Pods Frameworks";
			outputPaths = (
			);
			runOnlyForDeploymentPostprocessing = 0;
			shellPath = /bin/sh;
			shellScript = "\"${SRCROOT}/Pods/Target Support Files/Pods-PhotoKitExample/Pods-PhotoKitExample-frameworks.sh\"\n";
			showEnvVarsInLog = 0;
		};
		4F91497BA535FEED30EA1147 /* [CP] Check Pods Manifest.lock */ = {
			isa = PBXShellScriptBuildPhase;
			buildActionMask = 2147483647;
			files = (
			);
			inputPaths = (
			);
			name = "[CP] Check Pods Manifest.lock";
			outputPaths = (
			);
			runOnlyForDeploymentPostprocessing = 0;
			shellPath = /bin/sh;
			shellScript = "diff \"${PODS_ROOT}/../Podfile.lock\" \"${PODS_ROOT}/Manifest.lock\" > /dev/null\nif [ $? != 0 ] ; then\n    # print error to STDERR\n    echo \"error: The sandbox is not in sync with the Podfile.lock. Run 'pod install' or update your CocoaPods installation.\" >&2\n    exit 1\nfi\n";
			showEnvVarsInLog = 0;
		};
		534A254638F9286AA8C57621 /* [CP] Copy Pods Resources */ = {
			isa = PBXShellScriptBuildPhase;
			buildActionMask = 2147483647;
			files = (
			);
			inputPaths = (
			);
			name = "[CP] Copy Pods Resources";
			outputPaths = (
			);
			runOnlyForDeploymentPostprocessing = 0;
			shellPath = /bin/sh;
			shellScript = "\"${SRCROOT}/Pods/Target Support Files/Pods-PhotoKitExampleUITests/Pods-PhotoKitExampleUITests-resources.sh\"\n";
			showEnvVarsInLog = 0;
		};
		795C50626BD70639FC453B5D /* [CP] Embed Pods Frameworks */ = {
			isa = PBXShellScriptBuildPhase;
			buildActionMask = 2147483647;
			files = (
			);
			inputPaths = (
			);
			name = "[CP] Embed Pods Frameworks";
			outputPaths = (
			);
			runOnlyForDeploymentPostprocessing = 0;
			shellPath = /bin/sh;
			shellScript = "\"${SRCROOT}/Pods/Target Support Files/Pods-PhotoKitExampleUITests/Pods-PhotoKitExampleUITests-frameworks.sh\"\n";
			showEnvVarsInLog = 0;
		};
		C135133D6CA4C310CA6DCD91 /* [CP] Copy Pods Resources */ = {
			isa = PBXShellScriptBuildPhase;
			buildActionMask = 2147483647;
			files = (
			);
			inputPaths = (
			);
			name = "[CP] Copy Pods Resources";
			outputPaths = (
			);
			runOnlyForDeploymentPostprocessing = 0;
			shellPath = /bin/sh;
			shellScript = "\"${SRCROOT}/Pods/Target Support Files/Pods-PhotoKitExample/Pods-PhotoKitExample-resources.sh\"\n";
			showEnvVarsInLog = 0;
		};
/* End PBXShellScriptBuildPhase section */

/* Begin PBXSourcesBuildPhase section */
		1874C7541EC3764B00DE129A /* Sources */ = {
			isa = PBXSourcesBuildPhase;
			buildActionMask = 2147483647;
			files = (
				1874C7601EC3764B00DE129A /* AppDelegate.m in Sources */,
				1874C7AA1EC376A000DE129A /* PhotoCollectionViewCell.m in Sources */,
				1874C7A81EC376A000DE129A /* PhotoAlbumViewController.m in Sources */,
				18499EE71ED476E800CC06D1 /* UIColor+color.m in Sources */,
				18499EEB1ED477C900CC06D1 /* AlertController.m in Sources */,
				1874C7B21EC376A000DE129A /* SelectResultViewModel.m in Sources */,
				1874C7B61EC377A900DE129A /* SPViewController.m in Sources */,
				1874C7AE1EC376A000DE129A /* PostImagePreviewViewController.m in Sources */,
				1874C7A51EC376A000DE129A /* AlbumPreviewViewModel.m in Sources */,
				1874C7631EC3764B00DE129A /* MasterViewController.m in Sources */,
				1874C7AB1EC376A000DE129A /* PhotoObject.m in Sources */,
				1874C75D1EC3764B00DE129A /* main.m in Sources */,
				1874C7A41EC376A000DE129A /* AlbumCameraCell.m in Sources */,
				1874C7AC1EC376A000DE129A /* PhotoPreviewViewController.m in Sources */,
				1874C7661EC3764B00DE129A /* DetailViewController.m in Sources */,
				1874C7B31EC376A000DE129A /* ShowBigImageViewController.m in Sources */,
				18499EE81ED476E800CC06D1 /* UILabel+initLabel.m in Sources */,
				1874C7AF1EC376A000DE129A /* PostImagePreviewViewModel.m in Sources */,
				1874C7AD1EC376A000DE129A /* PhotoSelectBar.m in Sources */,
				1874C7A91EC376A000DE129A /* PhotoAlbumViewModel.m in Sources */,
			);
			runOnlyForDeploymentPostprocessing = 0;
		};
		1874C7701EC3764B00DE129A /* Sources */ = {
			isa = PBXSourcesBuildPhase;
			buildActionMask = 2147483647;
			files = (
				1874C7791EC3764B00DE129A /* PhotoKitExampleUITests.m in Sources */,
			);
			runOnlyForDeploymentPostprocessing = 0;
		};
/* End PBXSourcesBuildPhase section */

/* Begin PBXTargetDependency section */
		1874C7761EC3764B00DE129A /* PBXTargetDependency */ = {
			isa = PBXTargetDependency;
			target = 1874C7571EC3764B00DE129A /* PhotoKitExample */;
			targetProxy = 1874C7751EC3764B00DE129A /* PBXContainerItemProxy */;
		};
/* End PBXTargetDependency section */

/* Begin PBXVariantGroup section */
		1874C7671EC3764B00DE129A /* Main.storyboard */ = {
			isa = PBXVariantGroup;
			children = (
				1874C7681EC3764B00DE129A /* Base */,
			);
			name = Main.storyboard;
			sourceTree = "<group>";
		};
		1874C76C1EC3764B00DE129A /* LaunchScreen.storyboard */ = {
			isa = PBXVariantGroup;
			children = (
				1874C76D1EC3764B00DE129A /* Base */,
			);
			name = LaunchScreen.storyboard;
			sourceTree = "<group>";
		};
/* End PBXVariantGroup section */

/* Begin XCBuildConfiguration section */
		1874C77B1EC3764B00DE129A /* Debug */ = {
			isa = XCBuildConfiguration;
			buildSettings = {
				ALWAYS_SEARCH_USER_PATHS = NO;
				CLANG_ANALYZER_NONNULL = YES;
				CLANG_ANALYZER_NUMBER_OBJECT_CONVERSION = YES_AGGRESSIVE;
				CLANG_CXX_LANGUAGE_STANDARD = "gnu++0x";
				CLANG_CXX_LIBRARY = "libc++";
				CLANG_ENABLE_MODULES = YES;
				CLANG_ENABLE_OBJC_ARC = YES;
				CLANG_WARN_BOOL_CONVERSION = YES;
				CLANG_WARN_CONSTANT_CONVERSION = YES;
				CLANG_WARN_DIRECT_OBJC_ISA_USAGE = YES_ERROR;
				CLANG_WARN_DOCUMENTATION_COMMENTS = YES;
				CLANG_WARN_EMPTY_BODY = YES;
				CLANG_WARN_ENUM_CONVERSION = YES;
				CLANG_WARN_INFINITE_RECURSION = YES;
				CLANG_WARN_INT_CONVERSION = YES;
				CLANG_WARN_OBJC_ROOT_CLASS = YES_ERROR;
				CLANG_WARN_SUSPICIOUS_MOVE = YES;
				CLANG_WARN_UNREACHABLE_CODE = YES;
				CLANG_WARN__DUPLICATE_METHOD_MATCH = YES;
				"CODE_SIGN_IDENTITY[sdk=iphoneos*]" = "iPhone Developer";
				COPY_PHASE_STRIP = NO;
				DEBUG_INFORMATION_FORMAT = dwarf;
				ENABLE_STRICT_OBJC_MSGSEND = YES;
				ENABLE_TESTABILITY = YES;
				GCC_C_LANGUAGE_STANDARD = gnu99;
				GCC_DYNAMIC_NO_PIC = NO;
				GCC_NO_COMMON_BLOCKS = YES;
				GCC_OPTIMIZATION_LEVEL = 0;
				GCC_PREPROCESSOR_DEFINITIONS = (
					"DEBUG=1",
					"$(inherited)",
				);
				GCC_WARN_64_TO_32_BIT_CONVERSION = YES;
				GCC_WARN_ABOUT_RETURN_TYPE = YES_ERROR;
				GCC_WARN_UNDECLARED_SELECTOR = YES;
				GCC_WARN_UNINITIALIZED_AUTOS = YES_AGGRESSIVE;
				GCC_WARN_UNUSED_FUNCTION = YES;
				GCC_WARN_UNUSED_VARIABLE = YES;
				IPHONEOS_DEPLOYMENT_TARGET = 10.3;
				MTL_ENABLE_DEBUG_INFO = YES;
				ONLY_ACTIVE_ARCH = YES;
				SDKROOT = iphoneos;
				TARGETED_DEVICE_FAMILY = "1,2";
			};
			name = Debug;
		};
		1874C77C1EC3764B00DE129A /* Release */ = {
			isa = XCBuildConfiguration;
			buildSettings = {
				ALWAYS_SEARCH_USER_PATHS = NO;
				CLANG_ANALYZER_NONNULL = YES;
				CLANG_ANALYZER_NUMBER_OBJECT_CONVERSION = YES_AGGRESSIVE;
				CLANG_CXX_LANGUAGE_STANDARD = "gnu++0x";
				CLANG_CXX_LIBRARY = "libc++";
				CLANG_ENABLE_MODULES = YES;
				CLANG_ENABLE_OBJC_ARC = YES;
				CLANG_WARN_BOOL_CONVERSION = YES;
				CLANG_WARN_CONSTANT_CONVERSION = YES;
				CLANG_WARN_DIRECT_OBJC_ISA_USAGE = YES_ERROR;
				CLANG_WARN_DOCUMENTATION_COMMENTS = YES;
				CLANG_WARN_EMPTY_BODY = YES;
				CLANG_WARN_ENUM_CONVERSION = YES;
				CLANG_WARN_INFINITE_RECURSION = YES;
				CLANG_WARN_INT_CONVERSION = YES;
				CLANG_WARN_OBJC_ROOT_CLASS = YES_ERROR;
				CLANG_WARN_SUSPICIOUS_MOVE = YES;
				CLANG_WARN_UNREACHABLE_CODE = YES;
				CLANG_WARN__DUPLICATE_METHOD_MATCH = YES;
				"CODE_SIGN_IDENTITY[sdk=iphoneos*]" = "iPhone Developer";
				COPY_PHASE_STRIP = NO;
				DEBUG_INFORMATION_FORMAT = "dwarf-with-dsym";
				ENABLE_NS_ASSERTIONS = NO;
				ENABLE_STRICT_OBJC_MSGSEND = YES;
				GCC_C_LANGUAGE_STANDARD = gnu99;
				GCC_NO_COMMON_BLOCKS = YES;
				GCC_WARN_64_TO_32_BIT_CONVERSION = YES;
				GCC_WARN_ABOUT_RETURN_TYPE = YES_ERROR;
				GCC_WARN_UNDECLARED_SELECTOR = YES;
				GCC_WARN_UNINITIALIZED_AUTOS = YES_AGGRESSIVE;
				GCC_WARN_UNUSED_FUNCTION = YES;
				GCC_WARN_UNUSED_VARIABLE = YES;
				IPHONEOS_DEPLOYMENT_TARGET = 10.3;
				MTL_ENABLE_DEBUG_INFO = NO;
				SDKROOT = iphoneos;
				TARGETED_DEVICE_FAMILY = "1,2";
				VALIDATE_PRODUCT = YES;
			};
			name = Release;
		};
		1874C77E1EC3764B00DE129A /* Debug */ = {
			isa = XCBuildConfiguration;
			baseConfigurationReference = 8877E290C8F570A21CFFF64A /* Pods-PhotoKitExample.debug.xcconfig */;
			buildSettings = {
				ASSETCATALOG_COMPILER_APPICON_NAME = AppIcon;
				DEVELOPMENT_TEAM = B7395L7V2H;
				INFOPLIST_FILE = PhotoKitExample/Info.plist;
				LD_RUNPATH_SEARCH_PATHS = "$(inherited) @executable_path/Frameworks";
				PRODUCT_BUNDLE_IDENTIFIER = "-yangsong.PhotoKitExample";
				PRODUCT_NAME = "$(TARGET_NAME)";
			};
			name = Debug;
		};
		1874C77F1EC3764B00DE129A /* Release */ = {
			isa = XCBuildConfiguration;
			baseConfigurationReference = C85352CB3174E90244AFF8A1 /* Pods-PhotoKitExample.release.xcconfig */;
			buildSettings = {
				ASSETCATALOG_COMPILER_APPICON_NAME = AppIcon;
				DEVELOPMENT_TEAM = B7395L7V2H;
				INFOPLIST_FILE = PhotoKitExample/Info.plist;
				LD_RUNPATH_SEARCH_PATHS = "$(inherited) @executable_path/Frameworks";
				PRODUCT_BUNDLE_IDENTIFIER = "-yangsong.PhotoKitExample";
				PRODUCT_NAME = "$(TARGET_NAME)";
			};
			name = Release;
		};
		1874C7811EC3764B00DE129A /* Debug */ = {
			isa = XCBuildConfiguration;
			baseConfigurationReference = DC875CB5DDE659E680A848E5 /* Pods-PhotoKitExampleUITests.debug.xcconfig */;
			buildSettings = {
				DEVELOPMENT_TEAM = B7395L7V2H;
				INFOPLIST_FILE = PhotoKitExampleUITests/Info.plist;
				LD_RUNPATH_SEARCH_PATHS = "$(inherited) @executable_path/Frameworks @loader_path/Frameworks";
				PRODUCT_BUNDLE_IDENTIFIER = "-yangsong.PhotoKitExampleUITests";
				PRODUCT_NAME = "$(TARGET_NAME)";
				TEST_TARGET_NAME = PhotoKitExample;
			};
			name = Debug;
		};
		1874C7821EC3764B00DE129A /* Release */ = {
			isa = XCBuildConfiguration;
			baseConfigurationReference = ABDDBCD922AA05DFB7BB148C /* Pods-PhotoKitExampleUITests.release.xcconfig */;
			buildSettings = {
				DEVELOPMENT_TEAM = B7395L7V2H;
				INFOPLIST_FILE = PhotoKitExampleUITests/Info.plist;
				LD_RUNPATH_SEARCH_PATHS = "$(inherited) @executable_path/Frameworks @loader_path/Frameworks";
				PRODUCT_BUNDLE_IDENTIFIER = "-yangsong.PhotoKitExampleUITests";
				PRODUCT_NAME = "$(TARGET_NAME)";
				TEST_TARGET_NAME = PhotoKitExample;
			};
			name = Release;
		};
/* End XCBuildConfiguration section */

/* Begin XCConfigurationList section */
		1874C7531EC3764B00DE129A /* Build configuration list for PBXProject "PhotoKitExample" */ = {
			isa = XCConfigurationList;
			buildConfigurations = (
				1874C77B1EC3764B00DE129A /* Debug */,
				1874C77C1EC3764B00DE129A /* Release */,
			);
			defaultConfigurationIsVisible = 0;
			defaultConfigurationName = Release;
		};
		1874C77D1EC3764B00DE129A /* Build configuration list for PBXNativeTarget "PhotoKitExample" */ = {
			isa = XCConfigurationList;
			buildConfigurations = (
				1874C77E1EC3764B00DE129A /* Debug */,
				1874C77F1EC3764B00DE129A /* Release */,
			);
			defaultConfigurationIsVisible = 0;
			defaultConfigurationName = Release;
		};
		1874C7801EC3764B00DE129A /* Build configuration list for PBXNativeTarget "PhotoKitExampleUITests" */ = {
			isa = XCConfigurationList;
			buildConfigurations = (
				1874C7811EC3764B00DE129A /* Debug */,
				1874C7821EC3764B00DE129A /* Release */,
			);
			defaultConfigurationIsVisible = 0;
			defaultConfigurationName = Release;
		};
/* End XCConfigurationList section */
	};
	rootObject = 1874C7501EC3764B00DE129A /* Project object */;
}
